# THIS IS AN AUTOGENERATED FILE. DO NOT EDIT THIS FILE DIRECTLY.
# yarn lockfile v1


ganache-time-traveler@^1.0.5:
  version "1.0.5"
  resolved "https://registry.yarnpkg.com/ganache-time-traveler/-/ganache-time-traveler-1.0.5.tgz#8383518d6ea19614e57d78a9a156be83ed162771"
  integrity sha512-46lhryBbHfNyixWq22zgK5OeRF4T8FgA67idiKMwYAePAvj1gqREaljVO2aV5GBouovtp8jg8qt+TXTXTtUEsQ==
